github.com/danielfdickinson/link-handling-mod-hugo-dfd v0.3.2 h1:hRLX/qaBWrGAIGTRFnG2vTygF3LIZDIDCJI7Az962kc=
github.com/danielfdickinson/link-handling-mod-hugo-dfd v0.3.2/go.mod h1:ajYr1qZHU5FJloKLT9rF8jSzKhuv5uSzQ/kA5M1vsY8=
github.com/danielfdickinson/link-handling-mod-hugo-dfd v0.3.3-0.20220801020716-c28b4bdbab3e h1:EJS/XGJMqTxZEwsTHYha70Qi54RfOqYgtJaMn+8ClU8=
github.com/danielfdickinson/link-handling-mod-hugo-dfd v0.3.3-0.20220801020716-c28b4bdbab3e/go.mod h1:ajYr1qZHU5FJloKLT9rF8jSzKhuv5uSzQ/kA5M1vsY8=
